
Microsoft Visual Studio Solution File, Format Version 11.00
# Visual C# Express 2010
Project("{FAE04EC0-301F-11D3-BF4B-00C04F79EFBC}") = "homero", "homero\homero.csproj", "{92F37BBF-FCB5-4494-89ED-718F21C60718}"
EndProject
Global
	GlobalSection(SolutionConfigurationPlatforms) = preSolution
		Debug|Any CPU = Debug|Any CPU
		Release|Any CPU = Release|Any CPU
	EndGlobalSection
	GlobalSection(ProjectConfigurationPlatforms) = postSolution
		{92F37BBF-FCB5-4494-89ED-718F21C60718}.Debug|Any CPU.ActiveCfg = Debug|Any CPU
		{92F37BBF-FCB5-4494-89ED-718F21C60718}.Debug|Any CPU.Build.0 = Debug|Any CPU
		{92F37BBF-FCB5-4494-89ED-718F21C60718}.Release|Any CPU.ActiveCfg = Release|Any CPU
		{92F37BBF-FCB5-4494-89ED-718F21C60718}.Release|Any CPU.Build.0 = Release|Any CPU
	EndGlobalSection
	GlobalSection(SolutionProperties) = preSolution
		HideSolutionNode = FALSE
	EndGlobalSection
EndGlobal
