
Microsoft Visual Studio Solution File, Format Version 11.00
# Visual C# Express 2010
Project("{FAE04EC0-301F-11D3-BF4B-00C04F79EFBC}") = "Peldak", "Peldak.csproj", "{CC6E29F5-994C-4DC3-8215-945860978F05}"
EndProject
Global
	GlobalSection(SolutionConfigurationPlatforms) = preSolution
		Debug|x86 = Debug|x86
		Release|x86 = Release|x86
	EndGlobalSection
	GlobalSection(ProjectConfigurationPlatforms) = postSolution
		{CC6E29F5-994C-4DC3-8215-945860978F05}.Debug|x86.ActiveCfg = Debug|x86
		{CC6E29F5-994C-4DC3-8215-945860978F05}.Debug|x86.Build.0 = Debug|x86
		{CC6E29F5-994C-4DC3-8215-945860978F05}.Release|x86.ActiveCfg = Release|x86
		{CC6E29F5-994C-4DC3-8215-945860978F05}.Release|x86.Build.0 = Release|x86
	EndGlobalSection
	GlobalSection(SolutionProperties) = preSolution
		HideSolutionNode = FALSE
	EndGlobalSection
EndGlobal
